
Microsoft Visual Studio Solution File, Format Version 12.00
# Visual Studio Version 17
VisualStudioVersion = 17.0.32014.148
MinimumVisualStudioVersion = 10.0.40219.1
Project("{9A19103F-16F7-4668-BE54-9A1E7A4F7556}") = "DAL", "DAL\DAL.csproj", "{5D825AD5-6507-4017-A234-1A50DEABDF50}"
EndProject
Project("{9A19103F-16F7-4668-BE54-9A1E7A4F7556}") = "LibraryTesting", "LibraryTesting\LibraryTesting.csproj", "{C59C04D2-3A3D-498C-A1FC-4D7C0729762C}"
EndProject
Project("{9A19103F-16F7-4668-BE54-9A1E7A4F7556}") = "BLL", "BLL\BLL.csproj", "{29EB23F6-2E80-4222-95A8-F2C6AC2B2A73}"
EndProject
Project("{9A19103F-16F7-4668-BE54-9A1E7A4F7556}") = "API", "API\API.csproj", "{996170A2-0D08-408E-997D-3A65628368BE}"
EndProject
Project("{FAE04EC0-301F-11D3-BF4B-00C04F79EFBC}") = "RandomDataGenerator", "RandomDataGenerator\RandomDataGenerator.csproj", "{0190BDF7-09C8-438D-92D1-961A83243F0F}"
EndProject
Global
	GlobalSection(SolutionConfigurationPlatforms) = preSolution
		Debug|Any CPU = Debug|Any CPU
		Release|Any CPU = Release|Any CPU
	EndGlobalSection
	GlobalSection(ProjectConfigurationPlatforms) = postSolution
		{5D825AD5-6507-4017-A234-1A50DEABDF50}.Debug|Any CPU.ActiveCfg = Debug|Any CPU
		{5D825AD5-6507-4017-A234-1A50DEABDF50}.Debug|Any CPU.Build.0 = Debug|Any CPU
		{5D825AD5-6507-4017-A234-1A50DEABDF50}.Release|Any CPU.ActiveCfg = Release|Any CPU
		{5D825AD5-6507-4017-A234-1A50DEABDF50}.Release|Any CPU.Build.0 = Release|Any CPU
		{C59C04D2-3A3D-498C-A1FC-4D7C0729762C}.Debug|Any CPU.ActiveCfg = Debug|Any CPU
		{C59C04D2-3A3D-498C-A1FC-4D7C0729762C}.Debug|Any CPU.Build.0 = Debug|Any CPU
		{C59C04D2-3A3D-498C-A1FC-4D7C0729762C}.Release|Any CPU.ActiveCfg = Release|Any CPU
		{C59C04D2-3A3D-498C-A1FC-4D7C0729762C}.Release|Any CPU.Build.0 = Release|Any CPU
		{29EB23F6-2E80-4222-95A8-F2C6AC2B2A73}.Debug|Any CPU.ActiveCfg = Debug|Any CPU
		{29EB23F6-2E80-4222-95A8-F2C6AC2B2A73}.Debug|Any CPU.Build.0 = Debug|Any CPU
		{29EB23F6-2E80-4222-95A8-F2C6AC2B2A73}.Release|Any CPU.ActiveCfg = Release|Any CPU
		{29EB23F6-2E80-4222-95A8-F2C6AC2B2A73}.Release|Any CPU.Build.0 = Release|Any CPU
		{996170A2-0D08-408E-997D-3A65628368BE}.Debug|Any CPU.ActiveCfg = Debug|Any CPU
		{996170A2-0D08-408E-997D-3A65628368BE}.Debug|Any CPU.Build.0 = Debug|Any CPU
		{996170A2-0D08-408E-997D-3A65628368BE}.Release|Any CPU.ActiveCfg = Release|Any CPU
		{996170A2-0D08-408E-997D-3A65628368BE}.Release|Any CPU.Build.0 = Release|Any CPU
		{0190BDF7-09C8-438D-92D1-961A83243F0F}.Debug|Any CPU.ActiveCfg = Debug|Any CPU
		{0190BDF7-09C8-438D-92D1-961A83243F0F}.Debug|Any CPU.Build.0 = Debug|Any CPU
		{0190BDF7-09C8-438D-92D1-961A83243F0F}.Release|Any CPU.ActiveCfg = Release|Any CPU
		{0190BDF7-09C8-438D-92D1-961A83243F0F}.Release|Any CPU.Build.0 = Release|Any CPU
	EndGlobalSection
	GlobalSection(SolutionProperties) = preSolution
		HideSolutionNode = FALSE
	EndGlobalSection
	GlobalSection(ExtensibilityGlobals) = postSolution
		SolutionGuid = {3372699E-95BB-4D3B-A4CB-F85EC2B9DD7F}
	EndGlobalSection
EndGlobal
